
Microsoft Visual Studio Solution File, Format Version 12.00
# Visual Studio 15
VisualStudioVersion = 15.0.27703.2035
MinimumVisualStudioVersion = 10.0.40219.1
Project("{FAE04EC0-301F-11D3-BF4B-00C04F79EFBC}") = "ComponentTree", "ComponentTree\ComponentTree.csproj", "{4EE95589-6E36-426D-BEE0-D6084C749B80}"
EndProject
Global
	GlobalSection(SolutionConfigurationPlatforms) = preSolution
		Debug|Any CPU = Debug|Any CPU
		Release|Any CPU = Release|Any CPU
	EndGlobalSection
	GlobalSection(ProjectConfigurationPlatforms) = postSolution
		{4EE95589-6E36-426D-BEE0-D6084C749B80}.Debug|Any CPU.ActiveCfg = Debug|Any CPU
		{4EE95589-6E36-426D-BEE0-D6084C749B80}.Debug|Any CPU.Build.0 = Debug|Any CPU
		{4EE95589-6E36-426D-BEE0-D6084C749B80}.Release|Any CPU.ActiveCfg = Release|Any CPU
		{4EE95589-6E36-426D-BEE0-D6084C749B80}.Release|Any CPU.Build.0 = Release|Any CPU
	EndGlobalSection
	GlobalSection(SolutionProperties) = preSolution
		HideSolutionNode = FALSE
	EndGlobalSection
	GlobalSection(ExtensibilityGlobals) = postSolution
		SolutionGuid = {F990645E-43E8-42D6-9D78-D5E355630EF5}
	EndGlobalSection
EndGlobal
